
Microsoft Visual Studio Solution File, Format Version 12.00
# Visual Studio Version 16
VisualStudioVersion = 16.0.30804.86
MinimumVisualStudioVersion = 10.0.40219.1
Project("{FAE04EC0-301F-11D3-BF4B-00C04F79EFBC}") = "IdentityTest", "IdentityTest.csproj", "{CE895F30-62C8-479E-B351-9E429BEE9BD2}"
EndProject
Global
	GlobalSection(SolutionConfigurationPlatforms) = preSolution
		Debug|Any CPU = Debug|Any CPU
		Release|Any CPU = Release|Any CPU
	EndGlobalSection
	GlobalSection(ProjectConfigurationPlatforms) = postSolution
		{CE895F30-62C8-479E-B351-9E429BEE9BD2}.Debug|Any CPU.ActiveCfg = Debug|Any CPU
		{CE895F30-62C8-479E-B351-9E429BEE9BD2}.Debug|Any CPU.Build.0 = Debug|Any CPU
		{CE895F30-62C8-479E-B351-9E429BEE9BD2}.Release|Any CPU.ActiveCfg = Release|Any CPU
		{CE895F30-62C8-479E-B351-9E429BEE9BD2}.Release|Any CPU.Build.0 = Release|Any CPU
	EndGlobalSection
	GlobalSection(SolutionProperties) = preSolution
		HideSolutionNode = FALSE
	EndGlobalSection
	GlobalSection(ExtensibilityGlobals) = postSolution
		SolutionGuid = {3EB8A254-C92D-4829-9852-27731BFE7266}
	EndGlobalSection
EndGlobal
